
Microsoft Visual Studio Solution File, Format Version 12.00
# Visual Studio Version 17
VisualStudioVersion = 17.3.32929.385
MinimumVisualStudioVersion = 10.0.40219.1
Project("{FAE04EC0-301F-11D3-BF4B-00C04F79EFBC}") = "Aplicativo", "Aplicativo\Aplicativo.csproj", "{B73E39BB-65A3-43CE-A53A-4EAA88079F0E}"
EndProject
Global
	GlobalSection(SolutionConfigurationPlatforms) = preSolution
		Debug|Any CPU = Debug|Any CPU
		Release|Any CPU = Release|Any CPU
	EndGlobalSection
	GlobalSection(ProjectConfigurationPlatforms) = postSolution
		{B73E39BB-65A3-43CE-A53A-4EAA88079F0E}.Debug|Any CPU.ActiveCfg = Debug|Any CPU
		{B73E39BB-65A3-43CE-A53A-4EAA88079F0E}.Debug|Any CPU.Build.0 = Debug|Any CPU
		{B73E39BB-65A3-43CE-A53A-4EAA88079F0E}.Release|Any CPU.ActiveCfg = Release|Any CPU
		{B73E39BB-65A3-43CE-A53A-4EAA88079F0E}.Release|Any CPU.Build.0 = Release|Any CPU
	EndGlobalSection
	GlobalSection(SolutionProperties) = preSolution
		HideSolutionNode = FALSE
	EndGlobalSection
	GlobalSection(ExtensibilityGlobals) = postSolution
		SolutionGuid = {D0BDABB9-40D6-44EF-A1FC-0A9E003F0894}
	EndGlobalSection
EndGlobal
