
Microsoft Visual Studio Solution File, Format Version 12.00
# Visual Studio Version 17
VisualStudioVersion = 17.4.33110.190
MinimumVisualStudioVersion = 10.0.40219.1
Project("{FAE04EC0-301F-11D3-BF4B-00C04F79EFBC}") = "Colores", "Colores\Colores.csproj", "{DC84D75A-8DCE-4B1E-A274-3318C47255EB}"
EndProject
Global
	GlobalSection(SolutionConfigurationPlatforms) = preSolution
		Debug|Any CPU = Debug|Any CPU
		Release|Any CPU = Release|Any CPU
	EndGlobalSection
	GlobalSection(ProjectConfigurationPlatforms) = postSolution
		{DC84D75A-8DCE-4B1E-A274-3318C47255EB}.Debug|Any CPU.ActiveCfg = Debug|Any CPU
		{DC84D75A-8DCE-4B1E-A274-3318C47255EB}.Debug|Any CPU.Build.0 = Debug|Any CPU
		{DC84D75A-8DCE-4B1E-A274-3318C47255EB}.Release|Any CPU.ActiveCfg = Release|Any CPU
		{DC84D75A-8DCE-4B1E-A274-3318C47255EB}.Release|Any CPU.Build.0 = Release|Any CPU
	EndGlobalSection
	GlobalSection(SolutionProperties) = preSolution
		HideSolutionNode = FALSE
	EndGlobalSection
	GlobalSection(ExtensibilityGlobals) = postSolution
		SolutionGuid = {52C78B23-BEB9-49F6-85F0-9047D93A0650}
	EndGlobalSection
EndGlobal
