
Microsoft Visual Studio Solution File, Format Version 12.00
# Visual Studio Version 17
VisualStudioVersion = 17.3.32929.385
MinimumVisualStudioVersion = 10.0.40219.1
Project("{FAE04EC0-301F-11D3-BF4B-00C04F79EFBC}") = "ConsoleTestCV", "ConsoleTestCV\ConsoleTestCV.csproj", "{CEDB6851-B656-44DF-BBF2-A4B49AA8AFCC}"
EndProject
Global
	GlobalSection(SolutionConfigurationPlatforms) = preSolution
		Debug|Any CPU = Debug|Any CPU
		Release|Any CPU = Release|Any CPU
	EndGlobalSection
	GlobalSection(ProjectConfigurationPlatforms) = postSolution
		{CEDB6851-B656-44DF-BBF2-A4B49AA8AFCC}.Debug|Any CPU.ActiveCfg = Debug|Any CPU
		{CEDB6851-B656-44DF-BBF2-A4B49AA8AFCC}.Debug|Any CPU.Build.0 = Debug|Any CPU
		{CEDB6851-B656-44DF-BBF2-A4B49AA8AFCC}.Release|Any CPU.ActiveCfg = Release|Any CPU
		{CEDB6851-B656-44DF-BBF2-A4B49AA8AFCC}.Release|Any CPU.Build.0 = Release|Any CPU
	EndGlobalSection
	GlobalSection(SolutionProperties) = preSolution
		HideSolutionNode = FALSE
	EndGlobalSection
	GlobalSection(ExtensibilityGlobals) = postSolution
		SolutionGuid = {D04661E9-4D37-4289-94BC-C098A99B483E}
	EndGlobalSection
EndGlobal
